// !$*UTF8*$!
{
	archiveVersion = 1;
	classes = {
	};
	objectVersion = 56;
	objects = {

/* Begin PBXBuildFile section */
		5C7EF2FF2BCD8D3E0098988F /* SwiftBootCampApp.swift in Sources */ = {isa = PBXBuildFile; fileRef = 5C7EF2FE2BCD8D3E0098988F /* SwiftBootCampApp.swift */; };
		5C7EF3012BCD8D3E0098988F /* ContentView.swift in Sources */ = {isa = PBXBuildFile; fileRef = 5C7EF3002BCD8D3E0098988F /* ContentView.swift */; };
		5C7EF3032BCD8D3F0098988F /* Assets.xcassets in Resources */ = {isa = PBXBuildFile; fileRef = 5C7EF3022BCD8D3F0098988F /* Assets.xcassets */; };
		5C7EF3062BCD8D3F0098988F /* Preview Assets.xcassets in Resources */ = {isa = PBXBuildFile; fileRef = 5C7EF3052BCD8D3F0098988F /* Preview Assets.xcassets */; };
		5C7EF30D2BCE56CD0098988F /* TextBootCamp.swift in Sources */ = {isa = PBXBuildFile; fileRef = 5C7EF30C2BCE56CD0098988F /* TextBootCamp.swift */; };
		5C7EF30F2BCFCCBA0098988F /* ShapesBootCamp.swift in Sources */ = {isa = PBXBuildFile; fileRef = 5C7EF30E2BCFCCBA0098988F /* ShapesBootCamp.swift */; };
		5C7EF3112BCFD4A70098988F /* ColorsBootCamp.swift in Sources */ = {isa = PBXBuildFile; fileRef = 5C7EF3102BCFD4A70098988F /* ColorsBootCamp.swift */; };
		5CB9CF282BD04A68007267FF /* GradientsBootCamp.swift in Sources */ = {isa = PBXBuildFile; fileRef = 5CB9CF272BD04A68007267FF /* GradientsBootCamp.swift */; };
		5CB9CF2A2BDC2F8F007267FF /* IconsBootCamp.swift in Sources */ = {isa = PBXBuildFile; fileRef = 5CB9CF292BDC2F8F007267FF /* IconsBootCamp.swift */; };
		5CB9CF2C2BDD7203007267FF /* ImageBootCamp.swift in Sources */ = {isa = PBXBuildFile; fileRef = 5CB9CF2B2BDD7203007267FF /* ImageBootCamp.swift */; };
		5CB9CF2E2BDD78AB007267FF /* FrameBootCamp.swift in Sources */ = {isa = PBXBuildFile; fileRef = 5CB9CF2D2BDD78AB007267FF /* FrameBootCamp.swift */; };
		5CB9CF302BDE4545007267FF /* BackgroundAndOverlayBootCamp.swift in Sources */ = {isa = PBXBuildFile; fileRef = 5CB9CF2F2BDE4545007267FF /* BackgroundAndOverlayBootCamp.swift */; };
		5CB9CF322BFA7056007267FF /* StacksBootCamp.swift in Sources */ = {isa = PBXBuildFile; fileRef = 5CB9CF312BFA7056007267FF /* StacksBootCamp.swift */; };
		5CB9CF342BFC7E5A007267FF /* PaddingBootCamp.swift in Sources */ = {isa = PBXBuildFile; fileRef = 5CB9CF332BFC7E5A007267FF /* PaddingBootCamp.swift */; };
		5CE6541E2BFE842E00258CEE /* SpacerBootCamp.swift in Sources */ = {isa = PBXBuildFile; fileRef = 5CE6541D2BFE842E00258CEE /* SpacerBootCamp.swift */; };
/* End PBXBuildFile section */

/* Begin PBXFileReference section */
		5C7EF2FB2BCD8D3E0098988F /* SwiftBootCamp.app */ = {isa = PBXFileReference; explicitFileType = wrapper.application; includeInIndex = 0; path = SwiftBootCamp.app; sourceTree = BUILT_PRODUCTS_DIR; };
		5C7EF2FE2BCD8D3E0098988F /* SwiftBootCampApp.swift */ = {isa = PBXFileReference; lastKnownFileType = sourcecode.swift; path = SwiftBootCampApp.swift; sourceTree = "<group>"; };
		5C7EF3002BCD8D3E0098988F /* ContentView.swift */ = {isa = PBXFileReference; lastKnownFileType = sourcecode.swift; path = ContentView.swift; sourceTree = "<group>"; };
		5C7EF3022BCD8D3F0098988F /* Assets.xcassets */ = {isa = PBXFileReference; lastKnownFileType = folder.assetcatalog; path = Assets.xcassets; sourceTree = "<group>"; };
		5C7EF3052BCD8D3F0098988F /* Preview Assets.xcassets */ = {isa = PBXFileReference; lastKnownFileType = folder.assetcatalog; path = "Preview Assets.xcassets"; sourceTree = "<group>"; };
		5C7EF30C2BCE56CD0098988F /* TextBootCamp.swift */ = {isa = PBXFileReference; lastKnownFileType = sourcecode.swift; path = TextBootCamp.swift; sourceTree = "<group>"; };
		5C7EF30E2BCFCCBA0098988F /* ShapesBootCamp.swift */ = {isa = PBXFileReference; lastKnownFileType = sourcecode.swift; path = ShapesBootCamp.swift; sourceTree = "<group>"; };
		5C7EF3102BCFD4A70098988F /* ColorsBootCamp.swift */ = {isa = PBXFileReference; lastKnownFileType = sourcecode.swift; path = ColorsBootCamp.swift; sourceTree = "<group>"; };
		5CB9CF272BD04A68007267FF /* GradientsBootCamp.swift */ = {isa = PBXFileReference; lastKnownFileType = sourcecode.swift; path = GradientsBootCamp.swift; sourceTree = "<group>"; };
		5CB9CF292BDC2F8F007267FF /* IconsBootCamp.swift */ = {isa = PBXFileReference; lastKnownFileType = sourcecode.swift; path = IconsBootCamp.swift; sourceTree = "<group>"; };
		5CB9CF2B2BDD7203007267FF /* ImageBootCamp.swift */ = {isa = PBXFileReference; lastKnownFileType = sourcecode.swift; path = ImageBootCamp.swift; sourceTree = "<group>"; };
		5CB9CF2D2BDD78AB007267FF /* FrameBootCamp.swift */ = {isa = PBXFileReference; lastKnownFileType = sourcecode.swift; path = FrameBootCamp.swift; sourceTree = "<group>"; };
		5CB9CF2F2BDE4545007267FF /* BackgroundAndOverlayBootCamp.swift */ = {isa = PBXFileReference; lastKnownFileType = sourcecode.swift; path = BackgroundAndOverlayBootCamp.swift; sourceTree = "<group>"; };
		5CB9CF312BFA7056007267FF /* StacksBootCamp.swift */ = {isa = PBXFileReference; lastKnownFileType = sourcecode.swift; path = StacksBootCamp.swift; sourceTree = "<group>"; };
		5CB9CF332BFC7E5A007267FF /* PaddingBootCamp.swift */ = {isa = PBXFileReference; lastKnownFileType = sourcecode.swift; path = PaddingBootCamp.swift; sourceTree = "<group>"; };
		5CE6541D2BFE842E00258CEE /* SpacerBootCamp.swift */ = {isa = PBXFileReference; lastKnownFileType = sourcecode.swift; path = SpacerBootCamp.swift; sourceTree = "<group>"; };
/* End PBXFileReference section */

/* Begin PBXFrameworksBuildPhase section */
		5C7EF2F82BCD8D3E0098988F /* Frameworks */ = {
			isa = PBXFrameworksBuildPhase;
			buildActionMask = 2147483647;
			files = (
			);
			runOnlyForDeploymentPostprocessing = 0;
		};
/* End PBXFrameworksBuildPhase section */

/* Begin PBXGroup section */
		5C7EF2F22BCD8D3E0098988F = {
			isa = PBXGroup;
			children = (
				5C7EF2FD2BCD8D3E0098988F /* SwiftBootCamp */,
				5C7EF2FC2BCD8D3E0098988F /* Products */,
			);
			sourceTree = "<group>";
		};
		5C7EF2FC2BCD8D3E0098988F /* Products */ = {
			isa = PBXGroup;
			children = (
				5C7EF2FB2BCD8D3E0098988F /* SwiftBootCamp.app */,
			);
			name = Products;
			sourceTree = "<group>";
		};
		5C7EF2FD2BCD8D3E0098988F /* SwiftBootCamp */ = {
			isa = PBXGroup;
			children = (
				5C7EF2FE2BCD8D3E0098988F /* SwiftBootCampApp.swift */,
				5C7EF3002BCD8D3E0098988F /* ContentView.swift */,
				5C7EF30C2BCE56CD0098988F /* TextBootCamp.swift */,
				5C7EF3102BCFD4A70098988F /* ColorsBootCamp.swift */,
				5CB9CF2F2BDE4545007267FF /* BackgroundAndOverlayBootCamp.swift */,
				5CB9CF2D2BDD78AB007267FF /* FrameBootCamp.swift */,
				5CB9CF2B2BDD7203007267FF /* ImageBootCamp.swift */,
				5CB9CF312BFA7056007267FF /* StacksBootCamp.swift */,
				5CB9CF332BFC7E5A007267FF /* PaddingBootCamp.swift */,
				5CE6541D2BFE842E00258CEE /* SpacerBootCamp.swift */,
				5CB9CF272BD04A68007267FF /* GradientsBootCamp.swift */,
				5CB9CF292BDC2F8F007267FF /* IconsBootCamp.swift */,
				5C7EF30E2BCFCCBA0098988F /* ShapesBootCamp.swift */,
				5C7EF3022BCD8D3F0098988F /* Assets.xcassets */,
				5C7EF3042BCD8D3F0098988F /* Preview Content */,
			);
			path = SwiftBootCamp;
			sourceTree = "<group>";
		};
		5C7EF3042BCD8D3F0098988F /* Preview Content */ = {
			isa = PBXGroup;
			children = (
				5C7EF3052BCD8D3F0098988F /* Preview Assets.xcassets */,
			);
			path = "Preview Content";
			sourceTree = "<group>";
		};
/* End PBXGroup section */

/* Begin PBXNativeTarget section */
		5C7EF2FA2BCD8D3E0098988F /* SwiftBootCamp */ = {
			isa = PBXNativeTarget;
			buildConfigurationList = 5C7EF3092BCD8D3F0098988F /* Build configuration list for PBXNativeTarget "SwiftBootCamp" */;
			buildPhases = (
				5C7EF2F72BCD8D3E0098988F /* Sources */,
				5C7EF2F82BCD8D3E0098988F /* Frameworks */,
				5C7EF2F92BCD8D3E0098988F /* Resources */,
			);
			buildRules = (
			);
			dependencies = (
			);
			name = SwiftBootCamp;
			productName = SwiftBootCamp;
			productReference = 5C7EF2FB2BCD8D3E0098988F /* SwiftBootCamp.app */;
			productType = "com.apple.product-type.application";
		};
/* End PBXNativeTarget section */

/* Begin PBXProject section */
		5C7EF2F32BCD8D3E0098988F /* Project object */ = {
			isa = PBXProject;
			attributes = {
				BuildIndependentTargetsInParallel = 1;
				LastSwiftUpdateCheck = 1520;
				LastUpgradeCheck = 1520;
				TargetAttributes = {
					5C7EF2FA2BCD8D3E0098988F = {
						CreatedOnToolsVersion = 15.2;
					};
				};
			};
			buildConfigurationList = 5C7EF2F62BCD8D3E0098988F /* Build configuration list for PBXProject "SwiftBootCamp" */;
			compatibilityVersion = "Xcode 14.0";
			developmentRegion = en;
			hasScannedForEncodings = 0;
			knownRegions = (
				en,
				Base,
			);
			mainGroup = 5C7EF2F22BCD8D3E0098988F;
			productRefGroup = 5C7EF2FC2BCD8D3E0098988F /* Products */;
			projectDirPath = "";
			projectRoot = "";
			targets = (
				5C7EF2FA2BCD8D3E0098988F /* SwiftBootCamp */,
			);
		};
/* End PBXProject section */

/* Begin PBXResourcesBuildPhase section */
		5C7EF2F92BCD8D3E0098988F /* Resources */ = {
			isa = PBXResourcesBuildPhase;
			buildActionMask = 2147483647;
			files = (
				5C7EF3062BCD8D3F0098988F /* Preview Assets.xcassets in Resources */,
				5C7EF3032BCD8D3F0098988F /* Assets.xcassets in Resources */,
			);
			runOnlyForDeploymentPostprocessing = 0;
		};
/* End PBXResourcesBuildPhase section */

/* Begin PBXSourcesBuildPhase section */
		5C7EF2F72BCD8D3E0098988F /* Sources */ = {
			isa = PBXSourcesBuildPhase;
			buildActionMask = 2147483647;
			files = (
				5CB9CF342BFC7E5A007267FF /* PaddingBootCamp.swift in Sources */,
				5CB9CF2A2BDC2F8F007267FF /* IconsBootCamp.swift in Sources */,
				5C7EF3112BCFD4A70098988F /* ColorsBootCamp.swift in Sources */,
				5C7EF30F2BCFCCBA0098988F /* ShapesBootCamp.swift in Sources */,
				5CB9CF302BDE4545007267FF /* BackgroundAndOverlayBootCamp.swift in Sources */,
				5C7EF3012BCD8D3E0098988F /* ContentView.swift in Sources */,
				5CE6541E2BFE842E00258CEE /* SpacerBootCamp.swift in Sources */,
				5C7EF30D2BCE56CD0098988F /* TextBootCamp.swift in Sources */,
				5CB9CF282BD04A68007267FF /* GradientsBootCamp.swift in Sources */,
				5CB9CF2C2BDD7203007267FF /* ImageBootCamp.swift in Sources */,
				5CB9CF322BFA7056007267FF /* StacksBootCamp.swift in Sources */,
				5C7EF2FF2BCD8D3E0098988F /* SwiftBootCampApp.swift in Sources */,
				5CB9CF2E2BDD78AB007267FF /* FrameBootCamp.swift in Sources */,
			);
			runOnlyForDeploymentPostprocessing = 0;
		};
/* End PBXSourcesBuildPhase section */

/* Begin XCBuildConfiguration section */
		5C7EF3072BCD8D3F0098988F /* Debug */ = {
			isa = XCBuildConfiguration;
			buildSettings = {
				ALWAYS_SEARCH_USER_PATHS = NO;
				ASSETCATALOG_COMPILER_GENERATE_SWIFT_ASSET_SYMBOL_EXTENSIONS = YES;
				CLANG_ANALYZER_NONNULL = YES;
				CLANG_ANALYZER_NUMBER_OBJECT_CONVERSION = YES_AGGRESSIVE;
				CLANG_CXX_LANGUAGE_STANDARD = "gnu++20";
				CLANG_ENABLE_MODULES = YES;
				CLANG_ENABLE_OBJC_ARC = YES;
				CLANG_ENABLE_OBJC_WEAK = YES;
				CLANG_WARN_BLOCK_CAPTURE_AUTORELEASING = YES;
				CLANG_WARN_BOOL_CONVERSION = YES;
				CLANG_WARN_COMMA = YES;
				CLANG_WARN_CONSTANT_CONVERSION = YES;
				CLANG_WARN_DEPRECATED_OBJC_IMPLEMENTATIONS = YES;
				CLANG_WARN_DIRECT_OBJC_ISA_USAGE = YES_ERROR;
				CLANG_WARN_DOCUMENTATION_COMMENTS = YES;
				CLANG_WARN_EMPTY_BODY = YES;
				CLANG_WARN_ENUM_CONVERSION = YES;
				CLANG_WARN_INFINITE_RECURSION = YES;
				CLANG_WARN_INT_CONVERSION = YES;
				CLANG_WARN_NON_LITERAL_NULL_CONVERSION = YES;
				CLANG_WARN_OBJC_IMPLICIT_RETAIN_SELF = YES;
				CLANG_WARN_OBJC_LITERAL_CONVERSION = YES;
				CLANG_WARN_OBJC_ROOT_CLASS = YES_ERROR;
				CLANG_WARN_QUOTED_INCLUDE_IN_FRAMEWORK_HEADER = YES;
				CLANG_WARN_RANGE_LOOP_ANALYSIS = YES;
				CLANG_WARN_STRICT_PROTOTYPES = YES;
				CLANG_WARN_SUSPICIOUS_MOVE = YES;
				CLANG_WARN_UNGUARDED_AVAILABILITY = YES_AGGRESSIVE;
				CLANG_WARN_UNREACHABLE_CODE = YES;
				CLANG_WARN__DUPLICATE_METHOD_MATCH = YES;
				COPY_PHASE_STRIP = NO;
				DEBUG_INFORMATION_FORMAT = dwarf;
				ENABLE_STRICT_OBJC_MSGSEND = YES;
				ENABLE_TESTABILITY = YES;
				ENABLE_USER_SCRIPT_SANDBOXING = YES;
				GCC_C_LANGUAGE_STANDARD = gnu17;
				GCC_DYNAMIC_NO_PIC = NO;
				GCC_NO_COMMON_BLOCKS = YES;
				GCC_OPTIMIZATION_LEVEL = 0;
				GCC_PREPROCESSOR_DEFINITIONS = (
					"DEBUG=1",
					"$(inherited)",
				);
				GCC_WARN_64_TO_32_BIT_CONVERSION = YES;
				GCC_WARN_ABOUT_RETURN_TYPE = YES_ERROR;
				GCC_WARN_UNDECLARED_SELECTOR = YES;
				GCC_WARN_UNINITIALIZED_AUTOS = YES_AGGRESSIVE;
				GCC_WARN_UNUSED_FUNCTION = YES;
				GCC_WARN_UNUSED_VARIABLE = YES;
				IPHONEOS_DEPLOYMENT_TARGET = 17.2;
				LOCALIZATION_PREFERS_STRING_CATALOGS = YES;
				MTL_ENABLE_DEBUG_INFO = INCLUDE_SOURCE;
				MTL_FAST_MATH = YES;
				ONLY_ACTIVE_ARCH = YES;
				SDKROOT = iphoneos;
				SWIFT_ACTIVE_COMPILATION_CONDITIONS = "DEBUG $(inherited)";
				SWIFT_OPTIMIZATION_LEVEL = "-Onone";
			};
			name = Debug;
		};
		5C7EF3082BCD8D3F0098988F /* Release */ = {
			isa = XCBuildConfiguration;
			buildSettings = {
				ALWAYS_SEARCH_USER_PATHS = NO;
				ASSETCATALOG_COMPILER_GENERATE_SWIFT_ASSET_SYMBOL_EXTENSIONS = YES;
				CLANG_ANALYZER_NONNULL = YES;
				CLANG_ANALYZER_NUMBER_OBJECT_CONVERSION = YES_AGGRESSIVE;
				CLANG_CXX_LANGUAGE_STANDARD = "gnu++20";
				CLANG_ENABLE_MODULES = YES;
				CLANG_ENABLE_OBJC_ARC = YES;
				CLANG_ENABLE_OBJC_WEAK = YES;
				CLANG_WARN_BLOCK_CAPTURE_AUTORELEASING = YES;
				CLANG_WARN_BOOL_CONVERSION = YES;
				CLANG_WARN_COMMA = YES;
				CLANG_WARN_CONSTANT_CONVERSION = YES;
				CLANG_WARN_DEPRECATED_OBJC_IMPLEMENTATIONS = YES;
				CLANG_WARN_DIRECT_OBJC_ISA_USAGE = YES_ERROR;
				CLANG_WARN_DOCUMENTATION_COMMENTS = YES;
				CLANG_WARN_EMPTY_BODY = YES;
				CLANG_WARN_ENUM_CONVERSION = YES;
				CLANG_WARN_INFINITE_RECURSION = YES;
				CLANG_WARN_INT_CONVERSION = YES;
				CLANG_WARN_NON_LITERAL_NULL_CONVERSION = YES;
				CLANG_WARN_OBJC_IMPLICIT_RETAIN_SELF = YES;
				CLANG_WARN_OBJC_LITERAL_CONVERSION = YES;
				CLANG_WARN_OBJC_ROOT_CLASS = YES_ERROR;
				CLANG_WARN_QUOTED_INCLUDE_IN_FRAMEWORK_HEADER = YES;
				CLANG_WARN_RANGE_LOOP_ANALYSIS = YES;
				CLANG_WARN_STRICT_PROTOTYPES = YES;
				CLANG_WARN_SUSPICIOUS_MOVE = YES;
				CLANG_WARN_UNGUARDED_AVAILABILITY = YES_AGGRESSIVE;
				CLANG_WARN_UNREACHABLE_CODE = YES;
				CLANG_WARN__DUPLICATE_METHOD_MATCH = YES;
				COPY_PHASE_STRIP = NO;
				DEBUG_INFORMATION_FORMAT = "dwarf-with-dsym";
				ENABLE_NS_ASSERTIONS = NO;
				ENABLE_STRICT_OBJC_MSGSEND = YES;
				ENABLE_USER_SCRIPT_SANDBOXING = YES;
				GCC_C_LANGUAGE_STANDARD = gnu17;
				GCC_NO_COMMON_BLOCKS = YES;
				GCC_WARN_64_TO_32_BIT_CONVERSION = YES;
				GCC_WARN_ABOUT_RETURN_TYPE = YES_ERROR;
				GCC_WARN_UNDECLARED_SELECTOR = YES;
				GCC_WARN_UNINITIALIZED_AUTOS = YES_AGGRESSIVE;
				GCC_WARN_UNUSED_FUNCTION = YES;
				GCC_WARN_UNUSED_VARIABLE = YES;
				IPHONEOS_DEPLOYMENT_TARGET = 17.2;
				LOCALIZATION_PREFERS_STRING_CATALOGS = YES;
				MTL_ENABLE_DEBUG_INFO = NO;
				MTL_FAST_MATH = YES;
				SDKROOT = iphoneos;
				SWIFT_COMPILATION_MODE = wholemodule;
				VALIDATE_PRODUCT = YES;
			};
			name = Release;
		};
		5C7EF30A2BCD8D3F0098988F /* Debug */ = {
			isa = XCBuildConfiguration;
			buildSettings = {
				ASSETCATALOG_COMPILER_APPICON_NAME = AppIcon;
				ASSETCATALOG_COMPILER_GLOBAL_ACCENT_COLOR_NAME = AccentColor;
				CODE_SIGN_STYLE = Automatic;
				CURRENT_PROJECT_VERSION = 1;
				DEVELOPMENT_ASSET_PATHS = "\"SwiftBootCamp/Preview Content\"";
				DEVELOPMENT_TEAM = MXNM4MXDHB;
				ENABLE_PREVIEWS = YES;
				GENERATE_INFOPLIST_FILE = YES;
				INFOPLIST_KEY_CFBundleDisplayName = BootCamp;
				INFOPLIST_KEY_UIApplicationSceneManifest_Generation = YES;
				INFOPLIST_KEY_UIApplicationSupportsIndirectInputEvents = YES;
				INFOPLIST_KEY_UILaunchScreen_Generation = YES;
				INFOPLIST_KEY_UISupportedInterfaceOrientations_iPad = "UIInterfaceOrientationPortrait UIInterfaceOrientationPortraitUpsideDown UIInterfaceOrientationLandscapeLeft UIInterfaceOrientationLandscapeRight";
				INFOPLIST_KEY_UISupportedInterfaceOrientations_iPhone = "UIInterfaceOrientationPortrait UIInterfaceOrientationLandscapeLeft UIInterfaceOrientationLandscapeRight";
				LD_RUNPATH_SEARCH_PATHS = (
					"$(inherited)",
					"@executable_path/Frameworks",
				);
				MARKETING_VERSION = 1.0;
				PRODUCT_BUNDLE_IDENTIFIER = com.myorganizatioin.SwiftBootCamp;
				PRODUCT_NAME = "$(TARGET_NAME)";
				SWIFT_EMIT_LOC_STRINGS = YES;
				SWIFT_VERSION = 5.0;
				TARGETED_DEVICE_FAMILY = "1,2";
			};
			name = Debug;
		};
		5C7EF30B2BCD8D3F0098988F /* Release */ = {
			isa = XCBuildConfiguration;
			buildSettings = {
				ASSETCATALOG_COMPILER_APPICON_NAME = AppIcon;
				ASSETCATALOG_COMPILER_GLOBAL_ACCENT_COLOR_NAME = AccentColor;
				CODE_SIGN_STYLE = Automatic;
				CURRENT_PROJECT_VERSION = 1;
				DEVELOPMENT_ASSET_PATHS = "\"SwiftBootCamp/Preview Content\"";
				DEVELOPMENT_TEAM = MXNM4MXDHB;
				ENABLE_PREVIEWS = YES;
				GENERATE_INFOPLIST_FILE = YES;
				INFOPLIST_KEY_CFBundleDisplayName = BootCamp;
				INFOPLIST_KEY_UIApplicationSceneManifest_Generation = YES;
				INFOPLIST_KEY_UIApplicationSupportsIndirectInputEvents = YES;
				INFOPLIST_KEY_UILaunchScreen_Generation = YES;
				INFOPLIST_KEY_UISupportedInterfaceOrientations_iPad = "UIInterfaceOrientationPortrait UIInterfaceOrientationPortraitUpsideDown UIInterfaceOrientationLandscapeLeft UIInterfaceOrientationLandscapeRight";
				INFOPLIST_KEY_UISupportedInterfaceOrientations_iPhone = "UIInterfaceOrientationPortrait UIInterfaceOrientationLandscapeLeft UIInterfaceOrientationLandscapeRight";
				LD_RUNPATH_SEARCH_PATHS = (
					"$(inherited)",
					"@executable_path/Frameworks",
				);
				MARKETING_VERSION = 1.0;
				PRODUCT_BUNDLE_IDENTIFIER = com.myorganizatioin.SwiftBootCamp;
				PRODUCT_NAME = "$(TARGET_NAME)";
				SWIFT_EMIT_LOC_STRINGS = YES;
				SWIFT_VERSION = 5.0;
				TARGETED_DEVICE_FAMILY = "1,2";
			};
			name = Release;
		};
/* End XCBuildConfiguration section */

/* Begin XCConfigurationList section */
		5C7EF2F62BCD8D3E0098988F /* Build configuration list for PBXProject "SwiftBootCamp" */ = {
			isa = XCConfigurationList;
			buildConfigurations = (
				5C7EF3072BCD8D3F0098988F /* Debug */,
				5C7EF3082BCD8D3F0098988F /* Release */,
			);
			defaultConfigurationIsVisible = 0;
			defaultConfigurationName = Release;
		};
		5C7EF3092BCD8D3F0098988F /* Build configuration list for PBXNativeTarget "SwiftBootCamp" */ = {
			isa = XCConfigurationList;
			buildConfigurations = (
				5C7EF30A2BCD8D3F0098988F /* Debug */,
				5C7EF30B2BCD8D3F0098988F /* Release */,
			);
			defaultConfigurationIsVisible = 0;
			defaultConfigurationName = Release;
		};
/* End XCConfigurationList section */
	};
	rootObject = 5C7EF2F32BCD8D3E0098988F /* Project object */;
}
